
Microsoft Visual Studio Solution File, Format Version 12.00
# Visual Studio 14
VisualStudioVersion = 14.0.23107.0
MinimumVisualStudioVersion = 10.0.40219.1
Project("{FAE04EC0-301F-11D3-BF4B-00C04F79EFBC}") = "Lorum Silverlight", "Lórum Silverlight\Lorum Silverlight.csproj", "{94F27344-0C94-4793-9BFC-6172A34766DA}"
EndProject
Project("{FAE04EC0-301F-11D3-BF4B-00C04F79EFBC}") = "Lórum Silverlight.Web", "Lórum Silverlight.Web\Lórum Silverlight.Web.csproj", "{CBFF94BD-F1B7-4DD4-B20E-F1D815A4C622}"
EndProject
Global
	GlobalSection(SolutionConfigurationPlatforms) = preSolution
		Debug|Any CPU = Debug|Any CPU
		Release|Any CPU = Release|Any CPU
	EndGlobalSection
	GlobalSection(ProjectConfigurationPlatforms) = postSolution
		{94F27344-0C94-4793-9BFC-6172A34766DA}.Debug|Any CPU.ActiveCfg = Debug|Any CPU
		{94F27344-0C94-4793-9BFC-6172A34766DA}.Debug|Any CPU.Build.0 = Debug|Any CPU
		{94F27344-0C94-4793-9BFC-6172A34766DA}.Release|Any CPU.ActiveCfg = Release|Any CPU
		{94F27344-0C94-4793-9BFC-6172A34766DA}.Release|Any CPU.Build.0 = Release|Any CPU
		{CBFF94BD-F1B7-4DD4-B20E-F1D815A4C622}.Debug|Any CPU.ActiveCfg = Debug|Any CPU
		{CBFF94BD-F1B7-4DD4-B20E-F1D815A4C622}.Debug|Any CPU.Build.0 = Debug|Any CPU
		{CBFF94BD-F1B7-4DD4-B20E-F1D815A4C622}.Release|Any CPU.ActiveCfg = Release|Any CPU
		{CBFF94BD-F1B7-4DD4-B20E-F1D815A4C622}.Release|Any CPU.Build.0 = Release|Any CPU
	EndGlobalSection
	GlobalSection(SolutionProperties) = preSolution
		HideSolutionNode = FALSE
	EndGlobalSection
EndGlobal
